
Microsoft Visual Studio Solution File, Format Version 12.00
# Visual Studio 15
VisualStudioVersion = 15.0.28307.168
MinimumVisualStudioVersion = 10.0.40219.1
Project("{9A19103F-16F7-4668-BE54-9A1E7A4F7556}") = "DDSApp", "DDSApp\DDSApp.csproj", "{AC1A3B1B-9DA0-495D-8787-ECD498544B1B}"
EndProject
Global
	GlobalSection(SolutionConfigurationPlatforms) = preSolution
		Debug|Any CPU = Debug|Any CPU
		Release|Any CPU = Release|Any CPU
	EndGlobalSection
	GlobalSection(ProjectConfigurationPlatforms) = postSolution
		{AC1A3B1B-9DA0-495D-8787-ECD498544B1B}.Debug|Any CPU.ActiveCfg = Debug|Any CPU
		{AC1A3B1B-9DA0-495D-8787-ECD498544B1B}.Debug|Any CPU.Build.0 = Debug|Any CPU
		{AC1A3B1B-9DA0-495D-8787-ECD498544B1B}.Release|Any CPU.ActiveCfg = Release|Any CPU
		{AC1A3B1B-9DA0-495D-8787-ECD498544B1B}.Release|Any CPU.Build.0 = Release|Any CPU
	EndGlobalSection
	GlobalSection(SolutionProperties) = preSolution
		HideSolutionNode = FALSE
	EndGlobalSection
	GlobalSection(ExtensibilityGlobals) = postSolution
		SolutionGuid = {39D352ED-FB8B-42B7-8976-66F32C7BC7EB}
	EndGlobalSection
EndGlobal
